{
  "object": {
    "pins": [
      {
        "package": "OrderedDictionary",
        "repositoryURL": "https://github.com/omochi/OrderedDictionary.git",
        "state": {
          "branch": null,
          "revision": "7ad0a27acd3ab11eadf743520d756a76b55aa8da",
          "version": "1.4.0"
        }
      },
      {
        "package": "yajl",
        "repositoryURL": "https://github.com/omochi/yajl-swift-build.git",
        "state": {
          "branch": null,
          "revision": "056d0afeed0a1394915aaabf7d37b818bb2e86c7",
          "version": "1.2.0"
        }
      }
    ]
  },
  "version": 1
}
