{
  "object": {
    "pins": [
      {
        "package": "OrderedDictionary",
        "repositoryURL": "https://github.com/omochi/OrderedDictionary.git",
        "state": {
          "branch": null,
          "revision": "ff5ad8a027588a8432638fc577ccc6517a887537",
          "version": "1.6.0"
        }
      },
      {
        "package": "RichJSONParser",
        "repositoryURL": "https://github.com/omochi/RichJSONParser.git",
        "state": {
          "branch": null,
          "revision": "b93e6aa9426d652763b9095371160708ef2cc18a",
          "version": "1.1.0"
        }
      }
    ]
  },
  "version": 1
}
