{
  "object": {
    "pins": [
      {
        "package": "RichJSONParser",
        "repositoryURL": "https://github.com/omochi/RichJSONParser.git",
        "state": {
          "branch": null,
          "revision": "ee8af8522002ea106a5071d44d22300dc7e39822",
          "version": "2.2.0"
        }
      }
    ]
  },
  "version": 1
}
