// !$*UTF8*$!
{
	archiveVersion = 1;
	classes = {
	};
	objectVersion = 50;
	objects = {

/* Begin PBXBuildFile section */
		D64F5ECD21F4536F00CA06B7 /* BoxedJSON.swift in Sources */ = {isa = PBXBuildFile; fileRef = D64F5EB921F4536E00CA06B7 /* BoxedJSON.swift */; };
		D64F5ECE21F4536F00CA06B7 /* KeyedEC.swift in Sources */ = {isa = PBXBuildFile; fileRef = D64F5EBA21F4536F00CA06B7 /* KeyedEC.swift */; };
		D64F5ECF21F4536F00CA06B7 /* KeyedDC.swift in Sources */ = {isa = PBXBuildFile; fileRef = D64F5EBB21F4536F00CA06B7 /* KeyedDC.swift */; };
		D64F5ED021F4536F00CA06B7 /* JSONCodable.swift in Sources */ = {isa = PBXBuildFile; fileRef = D64F5EBC21F4536F00CA06B7 /* JSONCodable.swift */; };
		D64F5ED121F4536F00CA06B7 /* DecoderExtension.swift in Sources */ = {isa = PBXBuildFile; fileRef = D64F5EBD21F4536F00CA06B7 /* DecoderExtension.swift */; };
		D64F5ED221F4536F00CA06B7 /* SingleEC.swift in Sources */ = {isa = PBXBuildFile; fileRef = D64F5EBE21F4536F00CA06B7 /* SingleEC.swift */; };
		D64F5ED321F4536F00CA06B7 /* SingleDC.swift in Sources */ = {isa = PBXBuildFile; fileRef = D64F5EBF21F4536F00CA06B7 /* SingleDC.swift */; };
		D64F5ED421F4536F00CA06B7 /* JSONNumber.swift in Sources */ = {isa = PBXBuildFile; fileRef = D64F5EC021F4536F00CA06B7 /* JSONNumber.swift */; };
		D64F5ED521F4536F00CA06B7 /* CodablePrimitive.swift in Sources */ = {isa = PBXBuildFile; fileRef = D64F5EC121F4536F00CA06B7 /* CodablePrimitive.swift */; };
		D64F5ED621F4536F00CA06B7 /* CodablePrimitiveJSONDecoder.swift in Sources */ = {isa = PBXBuildFile; fileRef = D64F5EC221F4536F00CA06B7 /* CodablePrimitiveJSONDecoder.swift */; };
		D64F5ED721F4536F00CA06B7 /* FineJSONEncoder.swift in Sources */ = {isa = PBXBuildFile; fileRef = D64F5EC321F4536F00CA06B7 /* FineJSONEncoder.swift */; };
		D64F5ED821F4536F00CA06B7 /* JSONAnnotatable.swift in Sources */ = {isa = PBXBuildFile; fileRef = D64F5EC421F4536F00CA06B7 /* JSONAnnotatable.swift */; };
		D64F5ED921F4536F00CA06B7 /* WeakTypingPrimitiveJSONDecoder.swift in Sources */ = {isa = PBXBuildFile; fileRef = D64F5EC521F4536F00CA06B7 /* WeakTypingPrimitiveJSONDecoder.swift */; };
		D64F5EDA21F4536F00CA06B7 /* JSONEquatable.swift in Sources */ = {isa = PBXBuildFile; fileRef = D64F5EC621F4536F00CA06B7 /* JSONEquatable.swift */; };
		D64F5EDB21F4536F00CA06B7 /* JSONObject.swift in Sources */ = {isa = PBXBuildFile; fileRef = D64F5EC721F4536F00CA06B7 /* JSONObject.swift */; };
		D64F5EDC21F4536F00CA06B7 /* SourceLocationExtension.swift in Sources */ = {isa = PBXBuildFile; fileRef = D64F5EC821F4536F00CA06B7 /* SourceLocationExtension.swift */; };
		D64F5EDD21F4536F00CA06B7 /* JSONArray.swift in Sources */ = {isa = PBXBuildFile; fileRef = D64F5EC921F4536F00CA06B7 /* JSONArray.swift */; };
		D64F5EDE21F4536F00CA06B7 /* FineJSONDecoder.swift in Sources */ = {isa = PBXBuildFile; fileRef = D64F5ECA21F4536F00CA06B7 /* FineJSONDecoder.swift */; };
		D64F5EDF21F4536F00CA06B7 /* UnkeyedDC.swift in Sources */ = {isa = PBXBuildFile; fileRef = D64F5ECB21F4536F00CA06B7 /* UnkeyedDC.swift */; };
		D64F5EE021F4536F00CA06B7 /* UnkeyedEC.swift in Sources */ = {isa = PBXBuildFile; fileRef = D64F5ECC21F4536F00CA06B7 /* UnkeyedEC.swift */; };
		D68BB2F921E6511F00B054F1 /* OrderedDictionary.framework in Frameworks */ = {isa = PBXBuildFile; fileRef = D68BB2F821E6511F00B054F1 /* OrderedDictionary.framework */; };
		D68BB35421E7E46900B054F1 /* FineJSON.framework in Frameworks */ = {isa = PBXBuildFile; fileRef = D68BB2E121E6507600B054F1 /* FineJSON.framework */; };
		D68BB35D21E7E60000B054F1 /* XCTestManifests.swift in Sources */ = {isa = PBXBuildFile; fileRef = D68BB35B21E7E60000B054F1 /* XCTestManifests.swift */; };
		D68BB35E21E7E60000B054F1 /* DecodeTests.swift in Sources */ = {isa = PBXBuildFile; fileRef = D68BB35C21E7E60000B054F1 /* DecodeTests.swift */; };
		D68BB36021E803FE00B054F1 /* WeakTypingTests.swift in Sources */ = {isa = PBXBuildFile; fileRef = D68BB35F21E803FE00B054F1 /* WeakTypingTests.swift */; };
		D68BB36221E8047700B054F1 /* DecoderCodingPathTests.swift in Sources */ = {isa = PBXBuildFile; fileRef = D68BB36121E8047700B054F1 /* DecoderCodingPathTests.swift */; };
		D68BB36621E8C08F00B054F1 /* AnnotationTests.swift in Sources */ = {isa = PBXBuildFile; fileRef = D68BB36521E8C08F00B054F1 /* AnnotationTests.swift */; };
		D68BB36821E9611D00B054F1 /* FeaturesTests.swift in Sources */ = {isa = PBXBuildFile; fileRef = D68BB36721E9611D00B054F1 /* FeaturesTests.swift */; };
		D69762D321F1D0F600C519F1 /* RichJSONParser.framework in Frameworks */ = {isa = PBXBuildFile; fileRef = D69762D221F1D0F600C519F1 /* RichJSONParser.framework */; };
		D69762DB21F1DCCA00C519F1 /* SourceLocationTests.swift in Sources */ = {isa = PBXBuildFile; fileRef = D69762DA21F1DCCA00C519F1 /* SourceLocationTests.swift */; };
		D6F9AC1F21E8564000AB5C0A /* JSONDecodeTests.swift in Sources */ = {isa = PBXBuildFile; fileRef = D6F9AC1E21E8564000AB5C0A /* JSONDecodeTests.swift */; };
		D6F9AC2721E86CA300AB5C0A /* JSONSerialize.swift in Sources */ = {isa = PBXBuildFile; fileRef = D6F9AC2621E86CA300AB5C0A /* JSONSerialize.swift */; };
		D6F9AC3521E89B5700AB5C0A /* EncodeTests.swift in Sources */ = {isa = PBXBuildFile; fileRef = D6F9AC3421E89B5700AB5C0A /* EncodeTests.swift */; };
		D6F9AC3721E89CF700AB5C0A /* JSONEncodeTests.swift in Sources */ = {isa = PBXBuildFile; fileRef = D6F9AC3621E89CF700AB5C0A /* JSONEncodeTests.swift */; };
/* End PBXBuildFile section */

/* Begin PBXContainerItemProxy section */
		D68BB35521E7E46900B054F1 /* PBXContainerItemProxy */ = {
			isa = PBXContainerItemProxy;
			containerPortal = D68BB2D821E6507600B054F1 /* Project object */;
			proxyType = 1;
			remoteGlobalIDString = D68BB2E021E6507600B054F1;
			remoteInfo = FineJSON;
		};
/* End PBXContainerItemProxy section */

/* Begin PBXFileReference section */
		D64F5EB921F4536E00CA06B7 /* BoxedJSON.swift */ = {isa = PBXFileReference; fileEncoding = 4; lastKnownFileType = sourcecode.swift; path = BoxedJSON.swift; sourceTree = "<group>"; };
		D64F5EBA21F4536F00CA06B7 /* KeyedEC.swift */ = {isa = PBXFileReference; fileEncoding = 4; lastKnownFileType = sourcecode.swift; path = KeyedEC.swift; sourceTree = "<group>"; };
		D64F5EBB21F4536F00CA06B7 /* KeyedDC.swift */ = {isa = PBXFileReference; fileEncoding = 4; lastKnownFileType = sourcecode.swift; path = KeyedDC.swift; sourceTree = "<group>"; };
		D64F5EBC21F4536F00CA06B7 /* JSONCodable.swift */ = {isa = PBXFileReference; fileEncoding = 4; lastKnownFileType = sourcecode.swift; path = JSONCodable.swift; sourceTree = "<group>"; };
		D64F5EBD21F4536F00CA06B7 /* DecoderExtension.swift */ = {isa = PBXFileReference; fileEncoding = 4; lastKnownFileType = sourcecode.swift; path = DecoderExtension.swift; sourceTree = "<group>"; };
		D64F5EBE21F4536F00CA06B7 /* SingleEC.swift */ = {isa = PBXFileReference; fileEncoding = 4; lastKnownFileType = sourcecode.swift; path = SingleEC.swift; sourceTree = "<group>"; };
		D64F5EBF21F4536F00CA06B7 /* SingleDC.swift */ = {isa = PBXFileReference; fileEncoding = 4; lastKnownFileType = sourcecode.swift; path = SingleDC.swift; sourceTree = "<group>"; };
		D64F5EC021F4536F00CA06B7 /* JSONNumber.swift */ = {isa = PBXFileReference; fileEncoding = 4; lastKnownFileType = sourcecode.swift; path = JSONNumber.swift; sourceTree = "<group>"; };
		D64F5EC121F4536F00CA06B7 /* CodablePrimitive.swift */ = {isa = PBXFileReference; fileEncoding = 4; lastKnownFileType = sourcecode.swift; path = CodablePrimitive.swift; sourceTree = "<group>"; };
		D64F5EC221F4536F00CA06B7 /* CodablePrimitiveJSONDecoder.swift */ = {isa = PBXFileReference; fileEncoding = 4; lastKnownFileType = sourcecode.swift; path = CodablePrimitiveJSONDecoder.swift; sourceTree = "<group>"; };
		D64F5EC321F4536F00CA06B7 /* FineJSONEncoder.swift */ = {isa = PBXFileReference; fileEncoding = 4; lastKnownFileType = sourcecode.swift; path = FineJSONEncoder.swift; sourceTree = "<group>"; };
		D64F5EC421F4536F00CA06B7 /* JSONAnnotatable.swift */ = {isa = PBXFileReference; fileEncoding = 4; lastKnownFileType = sourcecode.swift; path = JSONAnnotatable.swift; sourceTree = "<group>"; };
		D64F5EC521F4536F00CA06B7 /* WeakTypingPrimitiveJSONDecoder.swift */ = {isa = PBXFileReference; fileEncoding = 4; lastKnownFileType = sourcecode.swift; path = WeakTypingPrimitiveJSONDecoder.swift; sourceTree = "<group>"; };
		D64F5EC621F4536F00CA06B7 /* JSONEquatable.swift */ = {isa = PBXFileReference; fileEncoding = 4; lastKnownFileType = sourcecode.swift; path = JSONEquatable.swift; sourceTree = "<group>"; };
		D64F5EC721F4536F00CA06B7 /* JSONObject.swift */ = {isa = PBXFileReference; fileEncoding = 4; lastKnownFileType = sourcecode.swift; path = JSONObject.swift; sourceTree = "<group>"; };
		D64F5EC821F4536F00CA06B7 /* SourceLocationExtension.swift */ = {isa = PBXFileReference; fileEncoding = 4; lastKnownFileType = sourcecode.swift; path = SourceLocationExtension.swift; sourceTree = "<group>"; };
		D64F5EC921F4536F00CA06B7 /* JSONArray.swift */ = {isa = PBXFileReference; fileEncoding = 4; lastKnownFileType = sourcecode.swift; path = JSONArray.swift; sourceTree = "<group>"; };
		D64F5ECA21F4536F00CA06B7 /* FineJSONDecoder.swift */ = {isa = PBXFileReference; fileEncoding = 4; lastKnownFileType = sourcecode.swift; path = FineJSONDecoder.swift; sourceTree = "<group>"; };
		D64F5ECB21F4536F00CA06B7 /* UnkeyedDC.swift */ = {isa = PBXFileReference; fileEncoding = 4; lastKnownFileType = sourcecode.swift; path = UnkeyedDC.swift; sourceTree = "<group>"; };
		D64F5ECC21F4536F00CA06B7 /* UnkeyedEC.swift */ = {isa = PBXFileReference; fileEncoding = 4; lastKnownFileType = sourcecode.swift; path = UnkeyedEC.swift; sourceTree = "<group>"; };
		D68BB2E121E6507600B054F1 /* FineJSON.framework */ = {isa = PBXFileReference; explicitFileType = wrapper.framework; includeInIndex = 0; path = FineJSON.framework; sourceTree = BUILT_PRODUCTS_DIR; };
		D68BB2E521E6507600B054F1 /* Info.plist */ = {isa = PBXFileReference; lastKnownFileType = text.plist.xml; path = Info.plist; sourceTree = "<group>"; };
		D68BB2F821E6511F00B054F1 /* OrderedDictionary.framework */ = {isa = PBXFileReference; explicitFileType = wrapper.framework; path = OrderedDictionary.framework; sourceTree = BUILT_PRODUCTS_DIR; };
		D68BB2FA21E6511F00B054F1 /* yajl.framework */ = {isa = PBXFileReference; explicitFileType = wrapper.framework; path = yajl.framework; sourceTree = BUILT_PRODUCTS_DIR; };
		D68BB34F21E7E46900B054F1 /* FineJSONTests.xctest */ = {isa = PBXFileReference; explicitFileType = wrapper.cfbundle; includeInIndex = 0; path = FineJSONTests.xctest; sourceTree = BUILT_PRODUCTS_DIR; };
		D68BB35321E7E46900B054F1 /* Info.plist */ = {isa = PBXFileReference; lastKnownFileType = text.plist.xml; path = Info.plist; sourceTree = "<group>"; };
		D68BB35B21E7E60000B054F1 /* XCTestManifests.swift */ = {isa = PBXFileReference; fileEncoding = 4; lastKnownFileType = sourcecode.swift; path = XCTestManifests.swift; sourceTree = "<group>"; };
		D68BB35C21E7E60000B054F1 /* DecodeTests.swift */ = {isa = PBXFileReference; fileEncoding = 4; lastKnownFileType = sourcecode.swift; path = DecodeTests.swift; sourceTree = "<group>"; };
		D68BB35F21E803FE00B054F1 /* WeakTypingTests.swift */ = {isa = PBXFileReference; lastKnownFileType = sourcecode.swift; path = WeakTypingTests.swift; sourceTree = "<group>"; };
		D68BB36121E8047700B054F1 /* DecoderCodingPathTests.swift */ = {isa = PBXFileReference; lastKnownFileType = sourcecode.swift; path = DecoderCodingPathTests.swift; sourceTree = "<group>"; };
		D68BB36521E8C08F00B054F1 /* AnnotationTests.swift */ = {isa = PBXFileReference; lastKnownFileType = sourcecode.swift; path = AnnotationTests.swift; sourceTree = "<group>"; };
		D68BB36721E9611D00B054F1 /* FeaturesTests.swift */ = {isa = PBXFileReference; lastKnownFileType = sourcecode.swift; path = FeaturesTests.swift; sourceTree = "<group>"; };
		D69762D221F1D0F600C519F1 /* RichJSONParser.framework */ = {isa = PBXFileReference; explicitFileType = wrapper.framework; path = RichJSONParser.framework; sourceTree = BUILT_PRODUCTS_DIR; };
		D69762DA21F1DCCA00C519F1 /* SourceLocationTests.swift */ = {isa = PBXFileReference; lastKnownFileType = sourcecode.swift; path = SourceLocationTests.swift; sourceTree = "<group>"; };
		D6F9AC1E21E8564000AB5C0A /* JSONDecodeTests.swift */ = {isa = PBXFileReference; lastKnownFileType = sourcecode.swift; path = JSONDecodeTests.swift; sourceTree = "<group>"; };
		D6F9AC2621E86CA300AB5C0A /* JSONSerialize.swift */ = {isa = PBXFileReference; lastKnownFileType = sourcecode.swift; path = JSONSerialize.swift; sourceTree = "<group>"; };
		D6F9AC3421E89B5700AB5C0A /* EncodeTests.swift */ = {isa = PBXFileReference; lastKnownFileType = sourcecode.swift; path = EncodeTests.swift; sourceTree = "<group>"; };
		D6F9AC3621E89CF700AB5C0A /* JSONEncodeTests.swift */ = {isa = PBXFileReference; lastKnownFileType = sourcecode.swift; path = JSONEncodeTests.swift; sourceTree = "<group>"; };
/* End PBXFileReference section */

/* Begin PBXFrameworksBuildPhase section */
		D68BB2DE21E6507600B054F1 /* Frameworks */ = {
			isa = PBXFrameworksBuildPhase;
			buildActionMask = 2147483647;
			files = (
				D69762D321F1D0F600C519F1 /* RichJSONParser.framework in Frameworks */,
				D68BB2F921E6511F00B054F1 /* OrderedDictionary.framework in Frameworks */,
			);
			runOnlyForDeploymentPostprocessing = 0;
		};
		D68BB34C21E7E46900B054F1 /* Frameworks */ = {
			isa = PBXFrameworksBuildPhase;
			buildActionMask = 2147483647;
			files = (
				D68BB35421E7E46900B054F1 /* FineJSON.framework in Frameworks */,
			);
			runOnlyForDeploymentPostprocessing = 0;
		};
/* End PBXFrameworksBuildPhase section */

/* Begin PBXGroup section */
		D68BB2D721E6507600B054F1 = {
			isa = PBXGroup;
			children = (
				D68BB2E321E6507600B054F1 /* FineJSON */,
				D68BB35021E7E46900B054F1 /* FineJSONTests */,
				D68BB2E221E6507600B054F1 /* Products */,
				D68BB2F721E6511F00B054F1 /* Frameworks */,
			);
			sourceTree = "<group>";
		};
		D68BB2E221E6507600B054F1 /* Products */ = {
			isa = PBXGroup;
			children = (
				D68BB2E121E6507600B054F1 /* FineJSON.framework */,
				D68BB34F21E7E46900B054F1 /* FineJSONTests.xctest */,
			);
			name = Products;
			sourceTree = "<group>";
		};
		D68BB2E321E6507600B054F1 /* FineJSON */ = {
			isa = PBXGroup;
			children = (
				D68BB2EC21E6508700B054F1 /* src */,
				D68BB2E521E6507600B054F1 /* Info.plist */,
			);
			path = FineJSON;
			sourceTree = "<group>";
		};
		D68BB2EC21E6508700B054F1 /* src */ = {
			isa = PBXGroup;
			children = (
				D64F5EB921F4536E00CA06B7 /* BoxedJSON.swift */,
				D64F5EC121F4536F00CA06B7 /* CodablePrimitive.swift */,
				D64F5EC221F4536F00CA06B7 /* CodablePrimitiveJSONDecoder.swift */,
				D64F5EBD21F4536F00CA06B7 /* DecoderExtension.swift */,
				D64F5ECA21F4536F00CA06B7 /* FineJSONDecoder.swift */,
				D64F5EC321F4536F00CA06B7 /* FineJSONEncoder.swift */,
				D64F5EC421F4536F00CA06B7 /* JSONAnnotatable.swift */,
				D64F5EC921F4536F00CA06B7 /* JSONArray.swift */,
				D64F5EBC21F4536F00CA06B7 /* JSONCodable.swift */,
				D64F5EC621F4536F00CA06B7 /* JSONEquatable.swift */,
				D64F5EC021F4536F00CA06B7 /* JSONNumber.swift */,
				D64F5EC721F4536F00CA06B7 /* JSONObject.swift */,
				D64F5EBB21F4536F00CA06B7 /* KeyedDC.swift */,
				D64F5EBA21F4536F00CA06B7 /* KeyedEC.swift */,
				D64F5EBF21F4536F00CA06B7 /* SingleDC.swift */,
				D64F5EBE21F4536F00CA06B7 /* SingleEC.swift */,
				D64F5EC821F4536F00CA06B7 /* SourceLocationExtension.swift */,
				D64F5ECB21F4536F00CA06B7 /* UnkeyedDC.swift */,
				D64F5ECC21F4536F00CA06B7 /* UnkeyedEC.swift */,
				D64F5EC521F4536F00CA06B7 /* WeakTypingPrimitiveJSONDecoder.swift */,
			);
			name = src;
			path = ../../Sources/FineJSON;
			sourceTree = "<group>";
		};
		D68BB2F721E6511F00B054F1 /* Frameworks */ = {
			isa = PBXGroup;
			children = (
				D69762D221F1D0F600C519F1 /* RichJSONParser.framework */,
				D68BB2F821E6511F00B054F1 /* OrderedDictionary.framework */,
				D68BB2FA21E6511F00B054F1 /* yajl.framework */,
			);
			name = Frameworks;
			sourceTree = "<group>";
		};
		D68BB35021E7E46900B054F1 /* FineJSONTests */ = {
			isa = PBXGroup;
			children = (
				D68BB35A21E7E4DD00B054F1 /* src */,
				D68BB35321E7E46900B054F1 /* Info.plist */,
			);
			path = FineJSONTests;
			sourceTree = "<group>";
		};
		D68BB35A21E7E4DD00B054F1 /* src */ = {
			isa = PBXGroup;
			children = (
				D68BB35B21E7E60000B054F1 /* XCTestManifests.swift */,
				D68BB36721E9611D00B054F1 /* FeaturesTests.swift */,
				D68BB35C21E7E60000B054F1 /* DecodeTests.swift */,
				D68BB36121E8047700B054F1 /* DecoderCodingPathTests.swift */,
				D68BB36521E8C08F00B054F1 /* AnnotationTests.swift */,
				D68BB35F21E803FE00B054F1 /* WeakTypingTests.swift */,
				D6F9AC1E21E8564000AB5C0A /* JSONDecodeTests.swift */,
				D6F9AC2621E86CA300AB5C0A /* JSONSerialize.swift */,
				D6F9AC3421E89B5700AB5C0A /* EncodeTests.swift */,
				D6F9AC3621E89CF700AB5C0A /* JSONEncodeTests.swift */,
				D69762DA21F1DCCA00C519F1 /* SourceLocationTests.swift */,
			);
			name = src;
			path = ../../Tests/FineJSONTests;
			sourceTree = "<group>";
		};
/* End PBXGroup section */

/* Begin PBXHeadersBuildPhase section */
		D68BB2DC21E6507600B054F1 /* Headers */ = {
			isa = PBXHeadersBuildPhase;
			buildActionMask = 2147483647;
			files = (
			);
			runOnlyForDeploymentPostprocessing = 0;
		};
/* End PBXHeadersBuildPhase section */

/* Begin PBXNativeTarget section */
		D68BB2E021E6507600B054F1 /* FineJSON */ = {
			isa = PBXNativeTarget;
			buildConfigurationList = D68BB2E921E6507600B054F1 /* Build configuration list for PBXNativeTarget "FineJSON" */;
			buildPhases = (
				D68BB2DC21E6507600B054F1 /* Headers */,
				D68BB2DD21E6507600B054F1 /* Sources */,
				D68BB2DE21E6507600B054F1 /* Frameworks */,
				D68BB2DF21E6507600B054F1 /* Resources */,
			);
			buildRules = (
			);
			dependencies = (
			);
			name = FineJSON;
			productName = FineJSON;
			productReference = D68BB2E121E6507600B054F1 /* FineJSON.framework */;
			productType = "com.apple.product-type.framework";
		};
		D68BB34E21E7E46900B054F1 /* FineJSONTests */ = {
			isa = PBXNativeTarget;
			buildConfigurationList = D68BB35721E7E46900B054F1 /* Build configuration list for PBXNativeTarget "FineJSONTests" */;
			buildPhases = (
				D68BB34B21E7E46900B054F1 /* Sources */,
				D68BB34C21E7E46900B054F1 /* Frameworks */,
				D68BB34D21E7E46900B054F1 /* Resources */,
			);
			buildRules = (
			);
			dependencies = (
				D68BB35621E7E46900B054F1 /* PBXTargetDependency */,
			);
			name = FineJSONTests;
			productName = FineJSONTests;
			productReference = D68BB34F21E7E46900B054F1 /* FineJSONTests.xctest */;
			productType = "com.apple.product-type.bundle.unit-test";
		};
/* End PBXNativeTarget section */

/* Begin PBXProject section */
		D68BB2D821E6507600B054F1 /* Project object */ = {
			isa = PBXProject;
			attributes = {
				LastSwiftUpdateCheck = 1010;
				LastUpgradeCheck = 1010;
				ORGANIZATIONNAME = omochimetaru;
				TargetAttributes = {
					D68BB2E021E6507600B054F1 = {
						CreatedOnToolsVersion = 10.1;
						LastSwiftMigration = 1010;
					};
					D68BB34E21E7E46900B054F1 = {
						CreatedOnToolsVersion = 10.1;
						LastSwiftMigration = 1010;
					};
				};
			};
			buildConfigurationList = D68BB2DB21E6507600B054F1 /* Build configuration list for PBXProject "FineJSON" */;
			compatibilityVersion = "Xcode 9.3";
			developmentRegion = en;
			hasScannedForEncodings = 0;
			knownRegions = (
				en,
			);
			mainGroup = D68BB2D721E6507600B054F1;
			productRefGroup = D68BB2E221E6507600B054F1 /* Products */;
			projectDirPath = "";
			projectRoot = "";
			targets = (
				D68BB2E021E6507600B054F1 /* FineJSON */,
				D68BB34E21E7E46900B054F1 /* FineJSONTests */,
			);
		};
/* End PBXProject section */

/* Begin PBXResourcesBuildPhase section */
		D68BB2DF21E6507600B054F1 /* Resources */ = {
			isa = PBXResourcesBuildPhase;
			buildActionMask = 2147483647;
			files = (
			);
			runOnlyForDeploymentPostprocessing = 0;
		};
		D68BB34D21E7E46900B054F1 /* Resources */ = {
			isa = PBXResourcesBuildPhase;
			buildActionMask = 2147483647;
			files = (
			);
			runOnlyForDeploymentPostprocessing = 0;
		};
/* End PBXResourcesBuildPhase section */

/* Begin PBXSourcesBuildPhase section */
		D68BB2DD21E6507600B054F1 /* Sources */ = {
			isa = PBXSourcesBuildPhase;
			buildActionMask = 2147483647;
			files = (
				D64F5ED021F4536F00CA06B7 /* JSONCodable.swift in Sources */,
				D64F5ECE21F4536F00CA06B7 /* KeyedEC.swift in Sources */,
				D64F5EDD21F4536F00CA06B7 /* JSONArray.swift in Sources */,
				D64F5ED121F4536F00CA06B7 /* DecoderExtension.swift in Sources */,
				D64F5EDF21F4536F00CA06B7 /* UnkeyedDC.swift in Sources */,
				D64F5ED621F4536F00CA06B7 /* CodablePrimitiveJSONDecoder.swift in Sources */,
				D64F5EDB21F4536F00CA06B7 /* JSONObject.swift in Sources */,
				D64F5ED321F4536F00CA06B7 /* SingleDC.swift in Sources */,
				D64F5ED221F4536F00CA06B7 /* SingleEC.swift in Sources */,
				D64F5ED521F4536F00CA06B7 /* CodablePrimitive.swift in Sources */,
				D64F5ECD21F4536F00CA06B7 /* BoxedJSON.swift in Sources */,
				D64F5EE021F4536F00CA06B7 /* UnkeyedEC.swift in Sources */,
				D64F5ED721F4536F00CA06B7 /* FineJSONEncoder.swift in Sources */,
				D64F5ED921F4536F00CA06B7 /* WeakTypingPrimitiveJSONDecoder.swift in Sources */,
				D64F5EDE21F4536F00CA06B7 /* FineJSONDecoder.swift in Sources */,
				D64F5EDA21F4536F00CA06B7 /* JSONEquatable.swift in Sources */,
				D64F5ED421F4536F00CA06B7 /* JSONNumber.swift in Sources */,
				D64F5ECF21F4536F00CA06B7 /* KeyedDC.swift in Sources */,
				D64F5ED821F4536F00CA06B7 /* JSONAnnotatable.swift in Sources */,
				D64F5EDC21F4536F00CA06B7 /* SourceLocationExtension.swift in Sources */,
			);
			runOnlyForDeploymentPostprocessing = 0;
		};
		D68BB34B21E7E46900B054F1 /* Sources */ = {
			isa = PBXSourcesBuildPhase;
			buildActionMask = 2147483647;
			files = (
				D68BB35D21E7E60000B054F1 /* XCTestManifests.swift in Sources */,
				D68BB36221E8047700B054F1 /* DecoderCodingPathTests.swift in Sources */,
				D6F9AC2721E86CA300AB5C0A /* JSONSerialize.swift in Sources */,
				D6F9AC3721E89CF700AB5C0A /* JSONEncodeTests.swift in Sources */,
				D68BB36821E9611D00B054F1 /* FeaturesTests.swift in Sources */,
				D6F9AC3521E89B5700AB5C0A /* EncodeTests.swift in Sources */,
				D69762DB21F1DCCA00C519F1 /* SourceLocationTests.swift in Sources */,
				D68BB35E21E7E60000B054F1 /* DecodeTests.swift in Sources */,
				D68BB36621E8C08F00B054F1 /* AnnotationTests.swift in Sources */,
				D6F9AC1F21E8564000AB5C0A /* JSONDecodeTests.swift in Sources */,
				D68BB36021E803FE00B054F1 /* WeakTypingTests.swift in Sources */,
			);
			runOnlyForDeploymentPostprocessing = 0;
		};
/* End PBXSourcesBuildPhase section */

/* Begin PBXTargetDependency section */
		D68BB35621E7E46900B054F1 /* PBXTargetDependency */ = {
			isa = PBXTargetDependency;
			target = D68BB2E021E6507600B054F1 /* FineJSON */;
			targetProxy = D68BB35521E7E46900B054F1 /* PBXContainerItemProxy */;
		};
/* End PBXTargetDependency section */

/* Begin XCBuildConfiguration section */
		D68BB2E721E6507600B054F1 /* Debug */ = {
			isa = XCBuildConfiguration;
			buildSettings = {
				ALWAYS_SEARCH_USER_PATHS = NO;
				CLANG_ANALYZER_NONNULL = YES;
				CLANG_ANALYZER_NUMBER_OBJECT_CONVERSION = YES_AGGRESSIVE;
				CLANG_CXX_LANGUAGE_STANDARD = "gnu++14";
				CLANG_CXX_LIBRARY = "libc++";
				CLANG_ENABLE_MODULES = YES;
				CLANG_ENABLE_OBJC_ARC = YES;
				CLANG_ENABLE_OBJC_WEAK = YES;
				CLANG_WARN_BLOCK_CAPTURE_AUTORELEASING = YES;
				CLANG_WARN_BOOL_CONVERSION = YES;
				CLANG_WARN_COMMA = YES;
				CLANG_WARN_CONSTANT_CONVERSION = YES;
				CLANG_WARN_DEPRECATED_OBJC_IMPLEMENTATIONS = YES;
				CLANG_WARN_DIRECT_OBJC_ISA_USAGE = YES_ERROR;
				CLANG_WARN_DOCUMENTATION_COMMENTS = YES;
				CLANG_WARN_EMPTY_BODY = YES;
				CLANG_WARN_ENUM_CONVERSION = YES;
				CLANG_WARN_INFINITE_RECURSION = YES;
				CLANG_WARN_INT_CONVERSION = YES;
				CLANG_WARN_NON_LITERAL_NULL_CONVERSION = YES;
				CLANG_WARN_OBJC_IMPLICIT_RETAIN_SELF = YES;
				CLANG_WARN_OBJC_LITERAL_CONVERSION = YES;
				CLANG_WARN_OBJC_ROOT_CLASS = YES_ERROR;
				CLANG_WARN_RANGE_LOOP_ANALYSIS = YES;
				CLANG_WARN_STRICT_PROTOTYPES = YES;
				CLANG_WARN_SUSPICIOUS_MOVE = YES;
				CLANG_WARN_UNGUARDED_AVAILABILITY = YES_AGGRESSIVE;
				CLANG_WARN_UNREACHABLE_CODE = YES;
				CLANG_WARN__DUPLICATE_METHOD_MATCH = YES;
				CODE_SIGN_IDENTITY = "-";
				COPY_PHASE_STRIP = NO;
				CURRENT_PROJECT_VERSION = 1;
				DEBUG_INFORMATION_FORMAT = dwarf;
				ENABLE_STRICT_OBJC_MSGSEND = YES;
				ENABLE_TESTABILITY = YES;
				GCC_C_LANGUAGE_STANDARD = gnu11;
				GCC_DYNAMIC_NO_PIC = NO;
				GCC_NO_COMMON_BLOCKS = YES;
				GCC_OPTIMIZATION_LEVEL = 0;
				GCC_PREPROCESSOR_DEFINITIONS = (
					"DEBUG=1",
					"$(inherited)",
				);
				GCC_WARN_64_TO_32_BIT_CONVERSION = YES;
				GCC_WARN_ABOUT_RETURN_TYPE = YES_ERROR;
				GCC_WARN_UNDECLARED_SELECTOR = YES;
				GCC_WARN_UNINITIALIZED_AUTOS = YES_AGGRESSIVE;
				GCC_WARN_UNUSED_FUNCTION = YES;
				GCC_WARN_UNUSED_VARIABLE = YES;
				IPHONEOS_DEPLOYMENT_TARGET = 8.0;
				MACOSX_DEPLOYMENT_TARGET = 10.9;
				MTL_ENABLE_DEBUG_INFO = INCLUDE_SOURCE;
				MTL_FAST_MATH = YES;
				ONLY_ACTIVE_ARCH = YES;
				SDKROOT = macosx;
				SUPPORTED_PLATFORMS = "macosx iphoneos iphonesimulator appletvos appletvsimulator watchos watchsimulator";
				SWIFT_ACTIVE_COMPILATION_CONDITIONS = DEBUG;
				SWIFT_OPTIMIZATION_LEVEL = "-Onone";
				USE_HEADERMAP = NO;
				VERSIONING_SYSTEM = "apple-generic";
				VERSION_INFO_PREFIX = "";
			};
			name = Debug;
		};
		D68BB2E821E6507600B054F1 /* Release */ = {
			isa = XCBuildConfiguration;
			buildSettings = {
				ALWAYS_SEARCH_USER_PATHS = NO;
				CLANG_ANALYZER_NONNULL = YES;
				CLANG_ANALYZER_NUMBER_OBJECT_CONVERSION = YES_AGGRESSIVE;
				CLANG_CXX_LANGUAGE_STANDARD = "gnu++14";
				CLANG_CXX_LIBRARY = "libc++";
				CLANG_ENABLE_MODULES = YES;
				CLANG_ENABLE_OBJC_ARC = YES;
				CLANG_ENABLE_OBJC_WEAK = YES;
				CLANG_WARN_BLOCK_CAPTURE_AUTORELEASING = YES;
				CLANG_WARN_BOOL_CONVERSION = YES;
				CLANG_WARN_COMMA = YES;
				CLANG_WARN_CONSTANT_CONVERSION = YES;
				CLANG_WARN_DEPRECATED_OBJC_IMPLEMENTATIONS = YES;
				CLANG_WARN_DIRECT_OBJC_ISA_USAGE = YES_ERROR;
				CLANG_WARN_DOCUMENTATION_COMMENTS = YES;
				CLANG_WARN_EMPTY_BODY = YES;
				CLANG_WARN_ENUM_CONVERSION = YES;
				CLANG_WARN_INFINITE_RECURSION = YES;
				CLANG_WARN_INT_CONVERSION = YES;
				CLANG_WARN_NON_LITERAL_NULL_CONVERSION = YES;
				CLANG_WARN_OBJC_IMPLICIT_RETAIN_SELF = YES;
				CLANG_WARN_OBJC_LITERAL_CONVERSION = YES;
				CLANG_WARN_OBJC_ROOT_CLASS = YES_ERROR;
				CLANG_WARN_RANGE_LOOP_ANALYSIS = YES;
				CLANG_WARN_STRICT_PROTOTYPES = YES;
				CLANG_WARN_SUSPICIOUS_MOVE = YES;
				CLANG_WARN_UNGUARDED_AVAILABILITY = YES_AGGRESSIVE;
				CLANG_WARN_UNREACHABLE_CODE = YES;
				CLANG_WARN__DUPLICATE_METHOD_MATCH = YES;
				CODE_SIGN_IDENTITY = "-";
				COPY_PHASE_STRIP = NO;
				CURRENT_PROJECT_VERSION = 1;
				DEBUG_INFORMATION_FORMAT = "dwarf-with-dsym";
				ENABLE_NS_ASSERTIONS = NO;
				ENABLE_STRICT_OBJC_MSGSEND = YES;
				GCC_C_LANGUAGE_STANDARD = gnu11;
				GCC_NO_COMMON_BLOCKS = YES;
				GCC_WARN_64_TO_32_BIT_CONVERSION = YES;
				GCC_WARN_ABOUT_RETURN_TYPE = YES_ERROR;
				GCC_WARN_UNDECLARED_SELECTOR = YES;
				GCC_WARN_UNINITIALIZED_AUTOS = YES_AGGRESSIVE;
				GCC_WARN_UNUSED_FUNCTION = YES;
				GCC_WARN_UNUSED_VARIABLE = YES;
				IPHONEOS_DEPLOYMENT_TARGET = 8.0;
				MACOSX_DEPLOYMENT_TARGET = 10.9;
				MTL_ENABLE_DEBUG_INFO = NO;
				MTL_FAST_MATH = YES;
				SDKROOT = macosx;
				SUPPORTED_PLATFORMS = "macosx iphoneos iphonesimulator appletvos appletvsimulator watchos watchsimulator";
				SWIFT_COMPILATION_MODE = wholemodule;
				SWIFT_OPTIMIZATION_LEVEL = "-O";
				USE_HEADERMAP = NO;
				VERSIONING_SYSTEM = "apple-generic";
				VERSION_INFO_PREFIX = "";
			};
			name = Release;
		};
		D68BB2EA21E6507600B054F1 /* Debug */ = {
			isa = XCBuildConfiguration;
			buildSettings = {
				CLANG_ENABLE_MODULES = YES;
				CODE_SIGN_STYLE = Manual;
				COMBINE_HIDPI_IMAGES = YES;
				DEFINES_MODULE = YES;
				DYLIB_COMPATIBILITY_VERSION = 1;
				DYLIB_CURRENT_VERSION = 1;
				DYLIB_INSTALL_NAME_BASE = "@rpath";
				FRAMEWORK_VERSION = A;
				INFOPLIST_FILE = FineJSON/Info.plist;
				INSTALL_PATH = "$(LOCAL_LIBRARY_DIR)/Frameworks";
				LD_RUNPATH_SEARCH_PATHS = (
					"$(inherited)",
					"@executable_path/../Frameworks",
					"@loader_path/Frameworks",
				);
				PRODUCT_BUNDLE_IDENTIFIER = com.omochimetaru.FineJSON;
				PRODUCT_NAME = "$(TARGET_NAME:c99extidentifier)";
				SKIP_INSTALL = YES;
				SWIFT_OPTIMIZATION_LEVEL = "-Onone";
				SWIFT_VERSION = 4.2;
			};
			name = Debug;
		};
		D68BB2EB21E6507600B054F1 /* Release */ = {
			isa = XCBuildConfiguration;
			buildSettings = {
				CLANG_ENABLE_MODULES = YES;
				CODE_SIGN_STYLE = Manual;
				COMBINE_HIDPI_IMAGES = YES;
				DEFINES_MODULE = YES;
				DYLIB_COMPATIBILITY_VERSION = 1;
				DYLIB_CURRENT_VERSION = 1;
				DYLIB_INSTALL_NAME_BASE = "@rpath";
				FRAMEWORK_VERSION = A;
				INFOPLIST_FILE = FineJSON/Info.plist;
				INSTALL_PATH = "$(LOCAL_LIBRARY_DIR)/Frameworks";
				LD_RUNPATH_SEARCH_PATHS = (
					"$(inherited)",
					"@executable_path/../Frameworks",
					"@loader_path/Frameworks",
				);
				PRODUCT_BUNDLE_IDENTIFIER = com.omochimetaru.FineJSON;
				PRODUCT_NAME = "$(TARGET_NAME:c99extidentifier)";
				SKIP_INSTALL = YES;
				SWIFT_VERSION = 4.2;
			};
			name = Release;
		};
		D68BB35821E7E46900B054F1 /* Debug */ = {
			isa = XCBuildConfiguration;
			buildSettings = {
				ALWAYS_EMBED_SWIFT_STANDARD_LIBRARIES = YES;
				CLANG_ENABLE_MODULES = YES;
				CODE_SIGN_STYLE = Automatic;
				COMBINE_HIDPI_IMAGES = YES;
				INFOPLIST_FILE = FineJSONTests/Info.plist;
				LD_RUNPATH_SEARCH_PATHS = (
					"$(inherited)",
					"@executable_path/../Frameworks",
					"@loader_path/../Frameworks",
				);
				PRODUCT_BUNDLE_IDENTIFIER = com.omochimetaru.FineJSONTests;
				PRODUCT_NAME = "$(TARGET_NAME)";
				SWIFT_OPTIMIZATION_LEVEL = "-Onone";
				SWIFT_VERSION = 4.2;
			};
			name = Debug;
		};
		D68BB35921E7E46900B054F1 /* Release */ = {
			isa = XCBuildConfiguration;
			buildSettings = {
				ALWAYS_EMBED_SWIFT_STANDARD_LIBRARIES = YES;
				CLANG_ENABLE_MODULES = YES;
				CODE_SIGN_STYLE = Automatic;
				COMBINE_HIDPI_IMAGES = YES;
				INFOPLIST_FILE = FineJSONTests/Info.plist;
				LD_RUNPATH_SEARCH_PATHS = (
					"$(inherited)",
					"@executable_path/../Frameworks",
					"@loader_path/../Frameworks",
				);
				PRODUCT_BUNDLE_IDENTIFIER = com.omochimetaru.FineJSONTests;
				PRODUCT_NAME = "$(TARGET_NAME)";
				SWIFT_VERSION = 4.2;
			};
			name = Release;
		};
/* End XCBuildConfiguration section */

/* Begin XCConfigurationList section */
		D68BB2DB21E6507600B054F1 /* Build configuration list for PBXProject "FineJSON" */ = {
			isa = XCConfigurationList;
			buildConfigurations = (
				D68BB2E721E6507600B054F1 /* Debug */,
				D68BB2E821E6507600B054F1 /* Release */,
			);
			defaultConfigurationIsVisible = 0;
			defaultConfigurationName = Release;
		};
		D68BB2E921E6507600B054F1 /* Build configuration list for PBXNativeTarget "FineJSON" */ = {
			isa = XCConfigurationList;
			buildConfigurations = (
				D68BB2EA21E6507600B054F1 /* Debug */,
				D68BB2EB21E6507600B054F1 /* Release */,
			);
			defaultConfigurationIsVisible = 0;
			defaultConfigurationName = Release;
		};
		D68BB35721E7E46900B054F1 /* Build configuration list for PBXNativeTarget "FineJSONTests" */ = {
			isa = XCConfigurationList;
			buildConfigurations = (
				D68BB35821E7E46900B054F1 /* Debug */,
				D68BB35921E7E46900B054F1 /* Release */,
			);
			defaultConfigurationIsVisible = 0;
			defaultConfigurationName = Release;
		};
/* End XCConfigurationList section */
	};
	rootObject = D68BB2D821E6507600B054F1 /* Project object */;
}
